
Microsoft Visual Studio Solution File, Format Version 12.00
# Visual Studio Version 17
VisualStudioVersion = 17.8.34205.153
MinimumVisualStudioVersion = 10.0.40219.1
Project("{FAE04EC0-301F-11D3-BF4B-00C04F79EFBC}") = "ExportFile", "ExportFile.csproj", "{2B4CB64E-24B6-4851-9858-1A1B2A79DB2D}"
EndProject
Global
	GlobalSection(SolutionConfigurationPlatforms) = preSolution
		Debug|Any CPU = Debug|Any CPU
		Release|Any CPU = Release|Any CPU
	EndGlobalSection
	GlobalSection(ProjectConfigurationPlatforms) = postSolution
		{2B4CB64E-24B6-4851-9858-1A1B2A79DB2D}.Debug|Any CPU.ActiveCfg = Debug|Any CPU
		{2B4CB64E-24B6-4851-9858-1A1B2A79DB2D}.Debug|Any CPU.Build.0 = Debug|Any CPU
		{2B4CB64E-24B6-4851-9858-1A1B2A79DB2D}.Release|Any CPU.ActiveCfg = Release|Any CPU
		{2B4CB64E-24B6-4851-9858-1A1B2A79DB2D}.Release|Any CPU.Build.0 = Release|Any CPU
	EndGlobalSection
	GlobalSection(SolutionProperties) = preSolution
		HideSolutionNode = FALSE
	EndGlobalSection
	GlobalSection(ExtensibilityGlobals) = postSolution
		SolutionGuid = {1E5EEE65-48AF-4A33-BCF0-EB3A291768EA}
	EndGlobalSection
EndGlobal
